// !$*UTF8*$!
{
	archiveVersion = 1;
	classes = {
	};
	objectVersion = 55;
	objects = {

/* Begin PBXBuildFile section */
		B75C73B828B2374700A0E159 /* AccountViewController.swift in Sources */ = {isa = PBXBuildFile; fileRef = B75C73B728B2374700A0E159 /* AccountViewController.swift */; };
		B75C73BC28B2374900A0E159 /* Assets.xcassets in Resources */ = {isa = PBXBuildFile; fileRef = B75C73BB28B2374900A0E159 /* Assets.xcassets */; };
		B75C73BF28B2374900A0E159 /* Preview Assets.xcassets in Resources */ = {isa = PBXBuildFile; fileRef = B75C73BE28B2374900A0E159 /* Preview Assets.xcassets */; };
		B75C73C728B2399700A0E159 /* FSCalendar in Frameworks */ = {isa = PBXBuildFile; productRef = B75C73C628B2399700A0E159 /* FSCalendar */; };
		B75C73CC28B23A1200A0E159 /* CalendarView.swift in Sources */ = {isa = PBXBuildFile; fileRef = B75C73CB28B23A1200A0E159 /* CalendarView.swift */; };
		B75C73E528B4A73400A0E159 /* UIColor+.swift in Sources */ = {isa = PBXBuildFile; fileRef = B75C73E428B4A73400A0E159 /* UIColor+.swift */; };
		B7D44D9928B5274800913743 /* CoreDataStack.swift in Sources */ = {isa = PBXBuildFile; fileRef = B7D44D9828B5274800913743 /* CoreDataStack.swift */; };
		B7D44D9C28B5278300913743 /* Entities.xcdatamodeld in Sources */ = {isa = PBXBuildFile; fileRef = B7D44D9A28B5278300913743 /* Entities.xcdatamodeld */; };
		B7D44DDC28B6753A00913743 /* Date+.swift in Sources */ = {isa = PBXBuildFile; fileRef = B7D44DDB28B6753A00913743 /* Date+.swift */; };
		B7E6E1E2295AD49E00D79DC8 /* AppDelegate.swift in Sources */ = {isa = PBXBuildFile; fileRef = B7E6E1E1295AD49E00D79DC8 /* AppDelegate.swift */; };
		B7E6E1E4295AD4A400D79DC8 /* SceneDelegate.swift in Sources */ = {isa = PBXBuildFile; fileRef = B7E6E1E3295AD4A400D79DC8 /* SceneDelegate.swift */; };
		B7E6E1E7295AD7D700D79DC8 /* AccountView.swift in Sources */ = {isa = PBXBuildFile; fileRef = B7E6E1E6295AD7D700D79DC8 /* AccountView.swift */; };
		B7E6E1EB295ADEDF00D79DC8 /* Coordinator.swift in Sources */ = {isa = PBXBuildFile; fileRef = B7E6E1EA295ADEDF00D79DC8 /* Coordinator.swift */; };
		B7E6E1ED295ADF1D00D79DC8 /* Consts.swift in Sources */ = {isa = PBXBuildFile; fileRef = B7E6E1EC295ADF1D00D79DC8 /* Consts.swift */; };
		B7E6E1F2295C079200D79DC8 /* MainViewController.swift in Sources */ = {isa = PBXBuildFile; fileRef = B7E6E1F1295C079200D79DC8 /* MainViewController.swift */; };
		B7E6E1F4295C07A400D79DC8 /* MainView.swift in Sources */ = {isa = PBXBuildFile; fileRef = B7E6E1F3295C07A400D79DC8 /* MainView.swift */; };
		B7E6E1F6295C083E00D79DC8 /* AccountList.swift in Sources */ = {isa = PBXBuildFile; fileRef = B7E6E1F5295C083E00D79DC8 /* AccountList.swift */; };
		B7E6E1F8295C0AD000D79DC8 /* MainCoordinator.swift in Sources */ = {isa = PBXBuildFile; fileRef = B7E6E1F7295C0AD000D79DC8 /* MainCoordinator.swift */; };
		B7E6E1FA295C0C1D00D79DC8 /* Account.swift in Sources */ = {isa = PBXBuildFile; fileRef = B7E6E1F9295C0C1D00D79DC8 /* Account.swift */; };
		B7E6E1FC295C0E1000D79DC8 /* AccountCoordinator.swift in Sources */ = {isa = PBXBuildFile; fileRef = B7E6E1FB295C0E1000D79DC8 /* AccountCoordinator.swift */; };
		B7E6E1FE295C174500D79DC8 /* SummaryNumber.swift in Sources */ = {isa = PBXBuildFile; fileRef = B7E6E1FD295C174500D79DC8 /* SummaryNumber.swift */; };
		B7E6E200295C28C700D79DC8 /* AccountListCell.swift in Sources */ = {isa = PBXBuildFile; fileRef = B7E6E1FF295C28C700D79DC8 /* AccountListCell.swift */; };
/* End PBXBuildFile section */

/* Begin PBXFileReference section */
		B75C73B428B2374700A0E159 /* AccountBook.app */ = {isa = PBXFileReference; explicitFileType = wrapper.application; includeInIndex = 0; path = AccountBook.app; sourceTree = BUILT_PRODUCTS_DIR; };
		B75C73B728B2374700A0E159 /* AccountViewController.swift */ = {isa = PBXFileReference; lastKnownFileType = sourcecode.swift; path = AccountViewController.swift; sourceTree = "<group>"; };
		B75C73BB28B2374900A0E159 /* Assets.xcassets */ = {isa = PBXFileReference; lastKnownFileType = folder.assetcatalog; path = Assets.xcassets; sourceTree = "<group>"; };
		B75C73BE28B2374900A0E159 /* Preview Assets.xcassets */ = {isa = PBXFileReference; lastKnownFileType = folder.assetcatalog; path = "Preview Assets.xcassets"; sourceTree = "<group>"; };
		B75C73CB28B23A1200A0E159 /* CalendarView.swift */ = {isa = PBXFileReference; lastKnownFileType = sourcecode.swift; path = CalendarView.swift; sourceTree = "<group>"; };
		B75C73E428B4A73400A0E159 /* UIColor+.swift */ = {isa = PBXFileReference; lastKnownFileType = sourcecode.swift; path = "UIColor+.swift"; sourceTree = "<group>"; };
		B7D44D9828B5274800913743 /* CoreDataStack.swift */ = {isa = PBXFileReference; lastKnownFileType = sourcecode.swift; path = CoreDataStack.swift; sourceTree = "<group>"; };
		B7D44D9B28B5278300913743 /* History.xcdatamodel */ = {isa = PBXFileReference; lastKnownFileType = wrapper.xcdatamodel; path = History.xcdatamodel; sourceTree = "<group>"; };
		B7D44DDB28B6753A00913743 /* Date+.swift */ = {isa = PBXFileReference; lastKnownFileType = sourcecode.swift; path = "Date+.swift"; sourceTree = "<group>"; };
		B7E6E1E1295AD49E00D79DC8 /* AppDelegate.swift */ = {isa = PBXFileReference; lastKnownFileType = sourcecode.swift; path = AppDelegate.swift; sourceTree = "<group>"; };
		B7E6E1E3295AD4A400D79DC8 /* SceneDelegate.swift */ = {isa = PBXFileReference; lastKnownFileType = sourcecode.swift; path = SceneDelegate.swift; sourceTree = "<group>"; };
		B7E6E1E5295AD57A00D79DC8 /* Info.plist */ = {isa = PBXFileReference; lastKnownFileType = text.plist; path = Info.plist; sourceTree = "<group>"; };
		B7E6E1E6295AD7D700D79DC8 /* AccountView.swift */ = {isa = PBXFileReference; lastKnownFileType = sourcecode.swift; path = AccountView.swift; sourceTree = "<group>"; };
		B7E6E1EA295ADEDF00D79DC8 /* Coordinator.swift */ = {isa = PBXFileReference; lastKnownFileType = sourcecode.swift; path = Coordinator.swift; sourceTree = "<group>"; };
		B7E6E1EC295ADF1D00D79DC8 /* Consts.swift */ = {isa = PBXFileReference; lastKnownFileType = sourcecode.swift; path = Consts.swift; sourceTree = "<group>"; };
		B7E6E1F1295C079200D79DC8 /* MainViewController.swift */ = {isa = PBXFileReference; lastKnownFileType = sourcecode.swift; path = MainViewController.swift; sourceTree = "<group>"; };
		B7E6E1F3295C07A400D79DC8 /* MainView.swift */ = {isa = PBXFileReference; lastKnownFileType = sourcecode.swift; path = MainView.swift; sourceTree = "<group>"; };
		B7E6E1F5295C083E00D79DC8 /* AccountList.swift */ = {isa = PBXFileReference; lastKnownFileType = sourcecode.swift; path = AccountList.swift; sourceTree = "<group>"; };
		B7E6E1F7295C0AD000D79DC8 /* MainCoordinator.swift */ = {isa = PBXFileReference; lastKnownFileType = sourcecode.swift; path = MainCoordinator.swift; sourceTree = "<group>"; };
		B7E6E1F9295C0C1D00D79DC8 /* Account.swift */ = {isa = PBXFileReference; lastKnownFileType = sourcecode.swift; path = Account.swift; sourceTree = "<group>"; };
		B7E6E1FB295C0E1000D79DC8 /* AccountCoordinator.swift */ = {isa = PBXFileReference; lastKnownFileType = sourcecode.swift; path = AccountCoordinator.swift; sourceTree = "<group>"; };
		B7E6E1FD295C174500D79DC8 /* SummaryNumber.swift */ = {isa = PBXFileReference; lastKnownFileType = sourcecode.swift; path = SummaryNumber.swift; sourceTree = "<group>"; };
		B7E6E1FF295C28C700D79DC8 /* AccountListCell.swift */ = {isa = PBXFileReference; lastKnownFileType = sourcecode.swift; path = AccountListCell.swift; sourceTree = "<group>"; };
/* End PBXFileReference section */

/* Begin PBXFrameworksBuildPhase section */
		B75C73B128B2374700A0E159 /* Frameworks */ = {
			isa = PBXFrameworksBuildPhase;
			buildActionMask = 2147483647;
			files = (
				B75C73C728B2399700A0E159 /* FSCalendar in Frameworks */,
			);
			runOnlyForDeploymentPostprocessing = 0;
		};
/* End PBXFrameworksBuildPhase section */

/* Begin PBXGroup section */
		B72A1F7D28C6659A009B44A0 /* System */ = {
			isa = PBXGroup;
			children = (
				B7E6E1E1295AD49E00D79DC8 /* AppDelegate.swift */,
				B7E6E1E3295AD4A400D79DC8 /* SceneDelegate.swift */,
			);
			path = System;
			sourceTree = "<group>";
		};
		B72A1F7E28C665B1009B44A0 /* Persistence */ = {
			isa = PBXGroup;
			children = (
				B7D44D9828B5274800913743 /* CoreDataStack.swift */,
				B7D44D9A28B5278300913743 /* Entities.xcdatamodeld */,
			);
			path = Persistence;
			sourceTree = "<group>";
		};
		B747854028D36EF800402A7A /* Data */ = {
			isa = PBXGroup;
			children = (
				B72A1F7E28C665B1009B44A0 /* Persistence */,
				B7E6E1F9295C0C1D00D79DC8 /* Account.swift */,
			);
			path = Data;
			sourceTree = "<group>";
		};
		B75C73AB28B2374700A0E159 = {
			isa = PBXGroup;
			children = (
				B75C73B628B2374700A0E159 /* AccountBook */,
				B75C73B528B2374700A0E159 /* Products */,
			);
			sourceTree = "<group>";
		};
		B75C73B528B2374700A0E159 /* Products */ = {
			isa = PBXGroup;
			children = (
				B75C73B428B2374700A0E159 /* AccountBook.app */,
			);
			name = Products;
			sourceTree = "<group>";
		};
		B75C73B628B2374700A0E159 /* AccountBook */ = {
			isa = PBXGroup;
			children = (
				B7E6E1E5295AD57A00D79DC8 /* Info.plist */,
				B7E6E1E8295ADEC800D79DC8 /* Utils */,
				B7E6E1E0295ACDE800D79DC8 /* UserInterface */,
				B72A1F7D28C6659A009B44A0 /* System */,
				B7E6E1EE295C070B00D79DC8 /* Presentation */,
				B747854028D36EF800402A7A /* Data */,
				B75C73C928B239ED00A0E159 /* Resources */,
			);
			path = AccountBook;
			sourceTree = "<group>";
		};
		B75C73BD28B2374900A0E159 /* Preview Content */ = {
			isa = PBXGroup;
			children = (
				B75C73BE28B2374900A0E159 /* Preview Assets.xcassets */,
			);
			path = "Preview Content";
			sourceTree = "<group>";
		};
		B75C73C928B239ED00A0E159 /* Resources */ = {
			isa = PBXGroup;
			children = (
				B75C73BB28B2374900A0E159 /* Assets.xcassets */,
				B75C73BD28B2374900A0E159 /* Preview Content */,
			);
			path = Resources;
			sourceTree = "<group>";
		};
		B75C73CA28B239FE00A0E159 /* DesignSystem */ = {
			isa = PBXGroup;
			children = (
				B75C73CB28B23A1200A0E159 /* CalendarView.swift */,
				B7E6E1F5295C083E00D79DC8 /* AccountList.swift */,
				B7E6E1FF295C28C700D79DC8 /* AccountListCell.swift */,
				B7E6E1FD295C174500D79DC8 /* SummaryNumber.swift */,
			);
			path = DesignSystem;
			sourceTree = "<group>";
		};
		B75C73E328B4A72C00A0E159 /* Extensions */ = {
			isa = PBXGroup;
			children = (
				B75C73E428B4A73400A0E159 /* UIColor+.swift */,
				B7D44DDB28B6753A00913743 /* Date+.swift */,
			);
			path = Extensions;
			sourceTree = "<group>";
		};
		B7E6E1E0295ACDE800D79DC8 /* UserInterface */ = {
			isa = PBXGroup;
			children = (
				B75C73CA28B239FE00A0E159 /* DesignSystem */,
			);
			path = UserInterface;
			sourceTree = "<group>";
		};
		B7E6E1E8295ADEC800D79DC8 /* Utils */ = {
			isa = PBXGroup;
			children = (
				B7E6E1E9295ADED500D79DC8 /* Protocols */,
				B75C73E328B4A72C00A0E159 /* Extensions */,
				B7E6E1EC295ADF1D00D79DC8 /* Consts.swift */,
			);
			name = Utils;
			sourceTree = "<group>";
		};
		B7E6E1E9295ADED500D79DC8 /* Protocols */ = {
			isa = PBXGroup;
			children = (
				B7E6E1EA295ADEDF00D79DC8 /* Coordinator.swift */,
			);
			path = Protocols;
			sourceTree = "<group>";
		};
		B7E6E1EE295C070B00D79DC8 /* Presentation */ = {
			isa = PBXGroup;
			children = (
				B7E6E1EF295C074300D79DC8 /* Main */,
				B7E6E1F0295C074F00D79DC8 /* Account */,
			);
			path = Presentation;
			sourceTree = "<group>";
		};
		B7E6E1EF295C074300D79DC8 /* Main */ = {
			isa = PBXGroup;
			children = (
				B7E6E1F1295C079200D79DC8 /* MainViewController.swift */,
				B7E6E1F3295C07A400D79DC8 /* MainView.swift */,
				B7E6E1F7295C0AD000D79DC8 /* MainCoordinator.swift */,
			);
			path = Main;
			sourceTree = "<group>";
		};
		B7E6E1F0295C074F00D79DC8 /* Account */ = {
			isa = PBXGroup;
			children = (
				B75C73B728B2374700A0E159 /* AccountViewController.swift */,
				B7E6E1E6295AD7D700D79DC8 /* AccountView.swift */,
				B7E6E1FB295C0E1000D79DC8 /* AccountCoordinator.swift */,
			);
			path = Account;
			sourceTree = "<group>";
		};
/* End PBXGroup section */

/* Begin PBXNativeTarget section */
		B75C73B328B2374700A0E159 /* AccountBook */ = {
			isa = PBXNativeTarget;
			buildConfigurationList = B75C73C228B2374900A0E159 /* Build configuration list for PBXNativeTarget "AccountBook" */;
			buildPhases = (
				B75C73B028B2374700A0E159 /* Sources */,
				B75C73B128B2374700A0E159 /* Frameworks */,
				B75C73B228B2374700A0E159 /* Resources */,
			);
			buildRules = (
			);
			dependencies = (
			);
			name = AccountBook;
			packageProductDependencies = (
				B75C73C628B2399700A0E159 /* FSCalendar */,
			);
			productName = AccountBook;
			productReference = B75C73B428B2374700A0E159 /* AccountBook.app */;
			productType = "com.apple.product-type.application";
		};
/* End PBXNativeTarget section */

/* Begin PBXProject section */
		B75C73AC28B2374700A0E159 /* Project object */ = {
			isa = PBXProject;
			attributes = {
				BuildIndependentTargetsInParallel = 1;
				LastSwiftUpdateCheck = 1340;
				LastUpgradeCheck = 1340;
				TargetAttributes = {
					B75C73B328B2374700A0E159 = {
						CreatedOnToolsVersion = 13.4.1;
					};
				};
			};
			buildConfigurationList = B75C73AF28B2374700A0E159 /* Build configuration list for PBXProject "AccountBook" */;
			compatibilityVersion = "Xcode 13.0";
			developmentRegion = en;
			hasScannedForEncodings = 0;
			knownRegions = (
				en,
				Base,
			);
			mainGroup = B75C73AB28B2374700A0E159;
			packageReferences = (
				B75C73C528B2399700A0E159 /* XCRemoteSwiftPackageReference "FSCalendar" */,
			);
			productRefGroup = B75C73B528B2374700A0E159 /* Products */;
			projectDirPath = "";
			projectRoot = "";
			targets = (
				B75C73B328B2374700A0E159 /* AccountBook */,
			);
		};
/* End PBXProject section */

/* Begin PBXResourcesBuildPhase section */
		B75C73B228B2374700A0E159 /* Resources */ = {
			isa = PBXResourcesBuildPhase;
			buildActionMask = 2147483647;
			files = (
				B75C73BF28B2374900A0E159 /* Preview Assets.xcassets in Resources */,
				B75C73BC28B2374900A0E159 /* Assets.xcassets in Resources */,
			);
			runOnlyForDeploymentPostprocessing = 0;
		};
/* End PBXResourcesBuildPhase section */

/* Begin PBXSourcesBuildPhase section */
		B75C73B028B2374700A0E159 /* Sources */ = {
			isa = PBXSourcesBuildPhase;
			buildActionMask = 2147483647;
			files = (
				B7E6E1E7295AD7D700D79DC8 /* AccountView.swift in Sources */,
				B7E6E1FE295C174500D79DC8 /* SummaryNumber.swift in Sources */,
				B7E6E1F4295C07A400D79DC8 /* MainView.swift in Sources */,
				B7E6E200295C28C700D79DC8 /* AccountListCell.swift in Sources */,
				B7D44D9C28B5278300913743 /* Entities.xcdatamodeld in Sources */,
				B7D44D9928B5274800913743 /* CoreDataStack.swift in Sources */,
				B7E6E1F2295C079200D79DC8 /* MainViewController.swift in Sources */,
				B7E6E1FA295C0C1D00D79DC8 /* Account.swift in Sources */,
				B7E6E1ED295ADF1D00D79DC8 /* Consts.swift in Sources */,
				B75C73E528B4A73400A0E159 /* UIColor+.swift in Sources */,
				B7D44DDC28B6753A00913743 /* Date+.swift in Sources */,
				B75C73CC28B23A1200A0E159 /* CalendarView.swift in Sources */,
				B7E6E1E2295AD49E00D79DC8 /* AppDelegate.swift in Sources */,
				B7E6E1EB295ADEDF00D79DC8 /* Coordinator.swift in Sources */,
				B7E6E1FC295C0E1000D79DC8 /* AccountCoordinator.swift in Sources */,
				B7E6E1F6295C083E00D79DC8 /* AccountList.swift in Sources */,
				B75C73B828B2374700A0E159 /* AccountViewController.swift in Sources */,
				B7E6E1F8295C0AD000D79DC8 /* MainCoordinator.swift in Sources */,
				B7E6E1E4295AD4A400D79DC8 /* SceneDelegate.swift in Sources */,
			);
			runOnlyForDeploymentPostprocessing = 0;
		};
/* End PBXSourcesBuildPhase section */

/* Begin XCBuildConfiguration section */
		B75C73C028B2374900A0E159 /* Debug */ = {
			isa = XCBuildConfiguration;
			buildSettings = {
				ALWAYS_SEARCH_USER_PATHS = NO;
				CLANG_ANALYZER_NONNULL = YES;
				CLANG_ANALYZER_NUMBER_OBJECT_CONVERSION = YES_AGGRESSIVE;
				CLANG_CXX_LANGUAGE_STANDARD = "gnu++17";
				CLANG_ENABLE_MODULES = YES;
				CLANG_ENABLE_OBJC_ARC = YES;
				CLANG_ENABLE_OBJC_WEAK = YES;
				CLANG_WARN_BLOCK_CAPTURE_AUTORELEASING = YES;
				CLANG_WARN_BOOL_CONVERSION = YES;
				CLANG_WARN_COMMA = YES;
				CLANG_WARN_CONSTANT_CONVERSION = YES;
				CLANG_WARN_DEPRECATED_OBJC_IMPLEMENTATIONS = YES;
				CLANG_WARN_DIRECT_OBJC_ISA_USAGE = YES_ERROR;
				CLANG_WARN_DOCUMENTATION_COMMENTS = YES;
				CLANG_WARN_EMPTY_BODY = YES;
				CLANG_WARN_ENUM_CONVERSION = YES;
				CLANG_WARN_INFINITE_RECURSION = YES;
				CLANG_WARN_INT_CONVERSION = YES;
				CLANG_WARN_NON_LITERAL_NULL_CONVERSION = YES;
				CLANG_WARN_OBJC_IMPLICIT_RETAIN_SELF = YES;
				CLANG_WARN_OBJC_LITERAL_CONVERSION = YES;
				CLANG_WARN_OBJC_ROOT_CLASS = YES_ERROR;
				CLANG_WARN_QUOTED_INCLUDE_IN_FRAMEWORK_HEADER = YES;
				CLANG_WARN_RANGE_LOOP_ANALYSIS = YES;
				CLANG_WARN_STRICT_PROTOTYPES = YES;
				CLANG_WARN_SUSPICIOUS_MOVE = YES;
				CLANG_WARN_UNGUARDED_AVAILABILITY = YES_AGGRESSIVE;
				CLANG_WARN_UNREACHABLE_CODE = YES;
				CLANG_WARN__DUPLICATE_METHOD_MATCH = YES;
				COPY_PHASE_STRIP = NO;
				DEBUG_INFORMATION_FORMAT = dwarf;
				ENABLE_STRICT_OBJC_MSGSEND = YES;
				ENABLE_TESTABILITY = YES;
				GCC_C_LANGUAGE_STANDARD = gnu11;
				GCC_DYNAMIC_NO_PIC = NO;
				GCC_NO_COMMON_BLOCKS = YES;
				GCC_OPTIMIZATION_LEVEL = 0;
				GCC_PREPROCESSOR_DEFINITIONS = (
					"DEBUG=1",
					"$(inherited)",
				);
				GCC_WARN_64_TO_32_BIT_CONVERSION = YES;
				GCC_WARN_ABOUT_RETURN_TYPE = YES_ERROR;
				GCC_WARN_UNDECLARED_SELECTOR = YES;
				GCC_WARN_UNINITIALIZED_AUTOS = YES_AGGRESSIVE;
				GCC_WARN_UNUSED_FUNCTION = YES;
				GCC_WARN_UNUSED_VARIABLE = YES;
				IPHONEOS_DEPLOYMENT_TARGET = 13.0;
				MTL_ENABLE_DEBUG_INFO = INCLUDE_SOURCE;
				MTL_FAST_MATH = YES;
				ONLY_ACTIVE_ARCH = YES;
				SDKROOT = iphoneos;
				SWIFT_ACTIVE_COMPILATION_CONDITIONS = DEBUG;
				SWIFT_OPTIMIZATION_LEVEL = "-Onone";
			};
			name = Debug;
		};
		B75C73C128B2374900A0E159 /* Release */ = {
			isa = XCBuildConfiguration;
			buildSettings = {
				ALWAYS_SEARCH_USER_PATHS = NO;
				CLANG_ANALYZER_NONNULL = YES;
				CLANG_ANALYZER_NUMBER_OBJECT_CONVERSION = YES_AGGRESSIVE;
				CLANG_CXX_LANGUAGE_STANDARD = "gnu++17";
				CLANG_ENABLE_MODULES = YES;
				CLANG_ENABLE_OBJC_ARC = YES;
				CLANG_ENABLE_OBJC_WEAK = YES;
				CLANG_WARN_BLOCK_CAPTURE_AUTORELEASING = YES;
				CLANG_WARN_BOOL_CONVERSION = YES;
				CLANG_WARN_COMMA = YES;
				CLANG_WARN_CONSTANT_CONVERSION = YES;
				CLANG_WARN_DEPRECATED_OBJC_IMPLEMENTATIONS = YES;
				CLANG_WARN_DIRECT_OBJC_ISA_USAGE = YES_ERROR;
				CLANG_WARN_DOCUMENTATION_COMMENTS = YES;
				CLANG_WARN_EMPTY_BODY = YES;
				CLANG_WARN_ENUM_CONVERSION = YES;
				CLANG_WARN_INFINITE_RECURSION = YES;
				CLANG_WARN_INT_CONVERSION = YES;
				CLANG_WARN_NON_LITERAL_NULL_CONVERSION = YES;
				CLANG_WARN_OBJC_IMPLICIT_RETAIN_SELF = YES;
				CLANG_WARN_OBJC_LITERAL_CONVERSION = YES;
				CLANG_WARN_OBJC_ROOT_CLASS = YES_ERROR;
				CLANG_WARN_QUOTED_INCLUDE_IN_FRAMEWORK_HEADER = YES;
				CLANG_WARN_RANGE_LOOP_ANALYSIS = YES;
				CLANG_WARN_STRICT_PROTOTYPES = YES;
				CLANG_WARN_SUSPICIOUS_MOVE = YES;
				CLANG_WARN_UNGUARDED_AVAILABILITY = YES_AGGRESSIVE;
				CLANG_WARN_UNREACHABLE_CODE = YES;
				CLANG_WARN__DUPLICATE_METHOD_MATCH = YES;
				COPY_PHASE_STRIP = NO;
				DEBUG_INFORMATION_FORMAT = "dwarf-with-dsym";
				ENABLE_NS_ASSERTIONS = NO;
				ENABLE_STRICT_OBJC_MSGSEND = YES;
				GCC_C_LANGUAGE_STANDARD = gnu11;
				GCC_NO_COMMON_BLOCKS = YES;
				GCC_WARN_64_TO_32_BIT_CONVERSION = YES;
				GCC_WARN_ABOUT_RETURN_TYPE = YES_ERROR;
				GCC_WARN_UNDECLARED_SELECTOR = YES;
				GCC_WARN_UNINITIALIZED_AUTOS = YES_AGGRESSIVE;
				GCC_WARN_UNUSED_FUNCTION = YES;
				GCC_WARN_UNUSED_VARIABLE = YES;
				IPHONEOS_DEPLOYMENT_TARGET = 13.0;
				MTL_ENABLE_DEBUG_INFO = NO;
				MTL_FAST_MATH = YES;
				SDKROOT = iphoneos;
				SWIFT_COMPILATION_MODE = wholemodule;
				SWIFT_OPTIMIZATION_LEVEL = "-O";
				VALIDATE_PRODUCT = YES;
			};
			name = Release;
		};
		B75C73C328B2374900A0E159 /* Debug */ = {
			isa = XCBuildConfiguration;
			buildSettings = {
				ASSETCATALOG_COMPILER_APPICON_NAME = AppIcon;
				ASSETCATALOG_COMPILER_GLOBAL_ACCENT_COLOR_NAME = AccentColor;
				CODE_SIGN_STYLE = Automatic;
				CURRENT_PROJECT_VERSION = 1;
				DEVELOPMENT_ASSET_PATHS = "\"AccountBook/Resources/Preview Content\"";
				DEVELOPMENT_TEAM = 6VYPR8MZ57;
				ENABLE_PREVIEWS = YES;
				GENERATE_INFOPLIST_FILE = YES;
				INFOPLIST_FILE = AccountBook/Info.plist;
				INFOPLIST_KEY_UIApplicationSupportsIndirectInputEvents = YES;
				INFOPLIST_KEY_UILaunchScreen_Generation = YES;
				INFOPLIST_KEY_UISupportedInterfaceOrientations = UIInterfaceOrientationPortrait;
				INFOPLIST_KEY_UISupportedInterfaceOrientations_iPad = "UIInterfaceOrientationLandscapeLeft UIInterfaceOrientationLandscapeRight UIInterfaceOrientationPortrait UIInterfaceOrientationPortraitUpsideDown";
				IPHONEOS_DEPLOYMENT_TARGET = 13.0;
				LD_RUNPATH_SEARCH_PATHS = (
					"$(inherited)",
					"@executable_path/Frameworks",
				);
				MARKETING_VERSION = 1.0;
				PRODUCT_BUNDLE_IDENTIFIER = com.pagh2322.AccountBook;
				PRODUCT_NAME = "$(TARGET_NAME)";
				SWIFT_EMIT_LOC_STRINGS = YES;
				SWIFT_VERSION = 5.0;
				TARGETED_DEVICE_FAMILY = "1,2";
			};
			name = Debug;
		};
		B75C73C428B2374900A0E159 /* Release */ = {
			isa = XCBuildConfiguration;
			buildSettings = {
				ASSETCATALOG_COMPILER_APPICON_NAME = AppIcon;
				ASSETCATALOG_COMPILER_GLOBAL_ACCENT_COLOR_NAME = AccentColor;
				CODE_SIGN_STYLE = Automatic;
				CURRENT_PROJECT_VERSION = 1;
				DEVELOPMENT_ASSET_PATHS = "\"AccountBook/Resources/Preview Content\"";
				DEVELOPMENT_TEAM = 6VYPR8MZ57;
				ENABLE_PREVIEWS = YES;
				GENERATE_INFOPLIST_FILE = YES;
				INFOPLIST_FILE = AccountBook/Info.plist;
				INFOPLIST_KEY_UIApplicationSupportsIndirectInputEvents = YES;
				INFOPLIST_KEY_UILaunchScreen_Generation = YES;
				INFOPLIST_KEY_UISupportedInterfaceOrientations = UIInterfaceOrientationPortrait;
				INFOPLIST_KEY_UISupportedInterfaceOrientations_iPad = "UIInterfaceOrientationLandscapeLeft UIInterfaceOrientationLandscapeRight UIInterfaceOrientationPortrait UIInterfaceOrientationPortraitUpsideDown";
				IPHONEOS_DEPLOYMENT_TARGET = 13.0;
				LD_RUNPATH_SEARCH_PATHS = (
					"$(inherited)",
					"@executable_path/Frameworks",
				);
				MARKETING_VERSION = 1.0;
				PRODUCT_BUNDLE_IDENTIFIER = com.pagh2322.AccountBook;
				PRODUCT_NAME = "$(TARGET_NAME)";
				SWIFT_EMIT_LOC_STRINGS = YES;
				SWIFT_VERSION = 5.0;
				TARGETED_DEVICE_FAMILY = "1,2";
			};
			name = Release;
		};
/* End XCBuildConfiguration section */

/* Begin XCConfigurationList section */
		B75C73AF28B2374700A0E159 /* Build configuration list for PBXProject "AccountBook" */ = {
			isa = XCConfigurationList;
			buildConfigurations = (
				B75C73C028B2374900A0E159 /* Debug */,
				B75C73C128B2374900A0E159 /* Release */,
			);
			defaultConfigurationIsVisible = 0;
			defaultConfigurationName = Release;
		};
		B75C73C228B2374900A0E159 /* Build configuration list for PBXNativeTarget "AccountBook" */ = {
			isa = XCConfigurationList;
			buildConfigurations = (
				B75C73C328B2374900A0E159 /* Debug */,
				B75C73C428B2374900A0E159 /* Release */,
			);
			defaultConfigurationIsVisible = 0;
			defaultConfigurationName = Release;
		};
/* End XCConfigurationList section */

/* Begin XCRemoteSwiftPackageReference section */
		B75C73C528B2399700A0E159 /* XCRemoteSwiftPackageReference "FSCalendar" */ = {
			isa = XCRemoteSwiftPackageReference;
			repositoryURL = "https://github.com/WenchaoD/FSCalendar.git";
			requirement = {
				kind = upToNextMajorVersion;
				minimumVersion = 2.0.0;
			};
		};
/* End XCRemoteSwiftPackageReference section */

/* Begin XCSwiftPackageProductDependency section */
		B75C73C628B2399700A0E159 /* FSCalendar */ = {
			isa = XCSwiftPackageProductDependency;
			package = B75C73C528B2399700A0E159 /* XCRemoteSwiftPackageReference "FSCalendar" */;
			productName = FSCalendar;
		};
/* End XCSwiftPackageProductDependency section */

/* Begin XCVersionGroup section */
		B7D44D9A28B5278300913743 /* Entities.xcdatamodeld */ = {
			isa = XCVersionGroup;
			children = (
				B7D44D9B28B5278300913743 /* History.xcdatamodel */,
			);
			currentVersion = B7D44D9B28B5278300913743 /* History.xcdatamodel */;
			path = Entities.xcdatamodeld;
			sourceTree = "<group>";
			versionGroupType = wrapper.xcdatamodel;
		};
/* End XCVersionGroup section */
	};
	rootObject = B75C73AC28B2374700A0E159 /* Project object */;
}
